[root]
name = "button_controller"
version = "0.1.0"
dependencies = [
 "pistoncore-input 0.0.9 (git+https://github.com/PistonDevelopers/input.git)",
]

[[package]]
name = "bitflags"
version = "0.1.1"
source = "registry+https://github.com/rust-lang/crates.io-index"

[[package]]
name = "libc"
version = "0.1.8"
source = "registry+https://github.com/rust-lang/crates.io-index"

[[package]]
name = "num"
version = "0.1.24"
source = "registry+https://github.com/rust-lang/crates.io-index"
dependencies = [
 "rand 0.3.8 (registry+https://github.com/rust-lang/crates.io-index)",
 "rustc-serialize 0.3.14 (registry+https://github.com/rust-lang/crates.io-index)",
]

[[package]]
name = "pistoncore-input"
version = "0.0.9"
source = "git+https://github.com/PistonDevelopers/input.git#0522bd26a726f031f7d64e0a677a6c8792308f9c"
dependencies = [
 "bitflags 0.1.1 (registry+https://github.com/rust-lang/crates.io-index)",
 "num 0.1.24 (registry+https://github.com/rust-lang/crates.io-index)",
 "rustc-serialize 0.3.14 (registry+https://github.com/rust-lang/crates.io-index)",
]

[[package]]
name = "rand"
version = "0.3.8"
source = "registry+https://github.com/rust-lang/crates.io-index"
dependencies = [
 "libc 0.1.8 (registry+https://github.com/rust-lang/crates.io-index)",
]

[[package]]
name = "rustc-serialize"
version = "0.3.14"
source = "registry+https://github.com/rust-lang/crates.io-index"

